{
  "name": "rescript-openapi",
  "version": "1.0.0",
  "lockfileVersion": 3,
  "requires": true,
  "packages": {
    "": {
      "name": "rescript-openapi",
      "version": "1.0.0",
      "license": "GPL-3.0-or-later",
      "dependencies": {
        "rescript": "^9.1.4"
      }
    },
    "node_modules/rescript": {
      "version": "9.1.4",
      "hasInstallScript": true,
      "license": "SEE LICENSE IN LICENSE",
      "bin": {
        "bsc": "bsc",
        "bsrefmt": "bsrefmt",
        "bstracing": "lib/bstracing",
        "rescript": "rescript"
      }
    }
  }
}
